<?xml version="1.0" encoding="utf-8"?>
<Project ToolsVersion="4.0" xmlns="http://schemas.microsoft.com/developer/msbuild/2003">
  <ItemGroup>
    <Filter Include="glaze">
      <UniqueIdentifier>{2d4d3d8b-7c9c-4a57-85ac-86caa7890436}</UniqueIdentifier>
    </Filter>
    <Filter Include="glaze\api">
      <UniqueIdentifier>{add1e4fa-2d0e-4270-b406-01690d5bbccb}</UniqueIdentifier>
    </Filter>
    <Filter Include="glaze\api\std">
      <UniqueIdentifier>{3c74f924-790b-49fa-8d89-06e0db088984}</UniqueIdentifier>
    </Filter>
    <Filter Include="glaze\base64">
      <UniqueIdentifier>{c3ce7edf-df8c-43f3-8d30-f2bbd964eabe}</UniqueIdentifier>
    </Filter>
    <Filter Include="glaze\beve">
      <UniqueIdentifier>{b85df053-5049-4e05-8873-f94df4e8346c}</UniqueIdentifier>
    </Filter>
    <Filter Include="glaze\compare">
      <UniqueIdentifier>{f7532e76-dec4-4ed4-b71b-76767d0b7169}</UniqueIdentifier>
    </Filter>
    <Filter Include="glaze\concepts">
      <UniqueIdentifier>{83d490b9-e0d6-4b29-89ef-f1d424b80b27}</UniqueIdentifier>
    </Filter>
    <Filter Include="glaze\containers">
      <UniqueIdentifier>{6d108808-40cd-48c4-8597-cbfec6cb4760}</UniqueIdentifier>
    </Filter>
    <Filter Include="glaze\core">
      <UniqueIdentifier>{2890cb25-fbac-4161-aa8d-b8a11c83de02}</UniqueIdentifier>
    </Filter>
    <Filter Include="glaze\csv">
      <UniqueIdentifier>{54fb8491-be71-4987-8f02-00ce08912b05}</UniqueIdentifier>
    </Filter>
    <Filter Include="glaze\exceptions">
      <UniqueIdentifier>{27d5b316-1f1b-49bb-8255-f76a9cd88488}</UniqueIdentifier>
    </Filter>
    <Filter Include="glaze\ext">
      <UniqueIdentifier>{bf1f19b3-ccfc-4480-b4d1-b782b3118b2a}</UniqueIdentifier>
    </Filter>
    <Filter Include="glaze\file">
      <UniqueIdentifier>{b5e6c551-12f9-4ae8-83e8-9955dfbbb36c}</UniqueIdentifier>
    </Filter>
    <Filter Include="glaze\format">
      <UniqueIdentifier>{9af88089-581e-4e62-80e0-841ba2d143f0}</UniqueIdentifier>
    </Filter>
    <Filter Include="glaze\hardware">
      <UniqueIdentifier>{db9fa950-8b20-4563-8d17-4a20597462cb}</UniqueIdentifier>
    </Filter>
    <Filter Include="glaze\json">
      <UniqueIdentifier>{32152013-bbe3-48e8-ab69-2213b32a90cd}</UniqueIdentifier>
    </Filter>
    <Filter Include="glaze\record">
      <UniqueIdentifier>{5a032e05-7632-443a-b633-a2ae02dd12d6}</UniqueIdentifier>
    </Filter>
    <Filter Include="glaze\reflection">
      <UniqueIdentifier>{48b02fbe-d6aa-4e7a-8ea2-155a201e992a}</UniqueIdentifier>
    </Filter>
    <Filter Include="glaze\rpc">
      <UniqueIdentifier>{777bec3d-d3bd-4821-b54e-288a89557819}</UniqueIdentifier>
    </Filter>
    <Filter Include="glaze\rpc\repe">
      <UniqueIdentifier>{61504a62-cc75-4ab4-bb9b-8a7438e21075}</UniqueIdentifier>
    </Filter>
    <Filter Include="glaze\stencil">
      <UniqueIdentifier>{07d68a46-3aea-4f6a-935c-efd930f86f28}</UniqueIdentifier>
    </Filter>
    <Filter Include="glaze\thread">
      <UniqueIdentifier>{cb932556-e37c-4a71-ad6c-14b1ba43985a}</UniqueIdentifier>
    </Filter>
    <Filter Include="glaze\toml">
      <UniqueIdentifier>{5124c959-81ec-459a-8a63-19bdba6b64ef}</UniqueIdentifier>
    </Filter>
    <Filter Include="glaze\trace">
      <UniqueIdentifier>{fb50d812-9c84-49eb-8692-0c9100437a28}</UniqueIdentifier>
    </Filter>
    <Filter Include="glaze\tuplet">
      <UniqueIdentifier>{aadfa7eb-0b39-4713-aeaa-a957dd2cf507}</UniqueIdentifier>
    </Filter>
    <Filter Include="glaze\util">
      <UniqueIdentifier>{7f5faeff-4c10-4025-b79a-c635cc6acc15}</UniqueIdentifier>
    </Filter>
  </ItemGroup>
  <ItemGroup>
     <ClInclude Include="glaze\include\glaze\api\api.hpp">
      <Filter>glaze\api</Filter>
    </ClInclude>
    <ClInclude Include="glaze\include\glaze\api\hash.hpp">
      <Filter>glaze\api</Filter>
    </ClInclude>
    <ClInclude Include="glaze\include\glaze\api\impl.hpp">
      <Filter>glaze\api</Filter>
    </ClInclude>
    <ClInclude Include="glaze\include\glaze\api\lib.hpp">
      <Filter>glaze\api</Filter>
    </ClInclude>
    <ClInclude Include="glaze\include\glaze\api\std\array.hpp">
      <Filter>glaze\api\std</Filter>
    </ClInclude>
    <ClInclude Include="glaze\include\glaze\api\std\deque.hpp">
      <Filter>glaze\api\std</Filter>
    </ClInclude>
    <ClInclude Include="glaze\include\glaze\api\std\functional.hpp">
      <Filter>glaze\api\std</Filter>
    </ClInclude>
    <ClInclude Include="glaze\include\glaze\api\std\list.hpp">
      <Filter>glaze\api\std</Filter>
    </ClInclude>
    <ClInclude Include="glaze\include\glaze\api\std\map.hpp">
      <Filter>glaze\api\std</Filter>
    </ClInclude>
    <ClInclude Include="glaze\include\glaze\api\std\optional.hpp">
      <Filter>glaze\api\std</Filter>
    </ClInclude>
    <ClInclude Include="glaze\include\glaze\api\std\set.hpp">
      <Filter>glaze\api\std</Filter>
    </ClInclude>
    <ClInclude Include="glaze\include\glaze\api\std\shared_ptr.hpp">
      <Filter>glaze\api\std</Filter>
    </ClInclude>
    <ClInclude Include="glaze\include\glaze\api\std\span.hpp">
      <Filter>glaze\api\std</Filter>
    </ClInclude>
    <ClInclude Include="glaze\include\glaze\api\std\string.hpp">
      <Filter>glaze\api\std</Filter>
    </ClInclude>
    <ClInclude Include="glaze\include\glaze\api\std\tuple.hpp">
      <Filter>glaze\api\std</Filter>
    </ClInclude>
    <ClInclude Include="glaze\include\glaze\api\std\unique_ptr.hpp">
      <Filter>glaze\api\std</Filter>
    </ClInclude>
    <ClInclude Include="glaze\include\glaze\api\std\unordered_map.hpp">
      <Filter>glaze\api\std</Filter>
    </ClInclude>
    <ClInclude Include="glaze\include\glaze\api\std\unordered_set.hpp">
      <Filter>glaze\api\std</Filter>
    </ClInclude>
    <ClInclude Include="glaze\include\glaze\api\std\variant.hpp">
      <Filter>glaze\api\std</Filter>
    </ClInclude>
    <ClInclude Include="glaze\include\glaze\api\std\vector.hpp">
      <Filter>glaze\api\std</Filter>
    </ClInclude>
    <ClInclude Include="glaze\include\glaze\api\trait.hpp">
      <Filter>glaze\api</Filter>
    </ClInclude>
    <ClInclude Include="glaze\include\glaze\api\tuplet.hpp">
      <Filter>glaze\api</Filter>
    </ClInclude>
    <ClInclude Include="glaze\include\glaze\api\type_support.hpp">
      <Filter>glaze\api</Filter>
    </ClInclude>
    <ClInclude Include="glaze\include\glaze\api\xxh64.hpp">
      <Filter>glaze\api</Filter>
    </ClInclude>
    <ClInclude Include="glaze\include\glaze\base64\base64.hpp">
      <Filter>glaze\base64</Filter>
    </ClInclude>
    <ClInclude Include="glaze\include\glaze\beve\beve_to_json.hpp">
      <Filter>glaze\beve</Filter>
    </ClInclude>
    <ClInclude Include="glaze\include\glaze\beve\header.hpp">
      <Filter>glaze\beve</Filter>
    </ClInclude>
    <ClInclude Include="glaze\include\glaze\beve\ptr.hpp">
      <Filter>glaze\beve</Filter>
    </ClInclude>
    <ClInclude Include="glaze\include\glaze\beve\read.hpp">
      <Filter>glaze\beve</Filter>
    </ClInclude>
    <ClInclude Include="glaze\include\glaze\beve\skip.hpp">
      <Filter>glaze\beve</Filter>
    </ClInclude>
    <ClInclude Include="glaze\include\glaze\beve\wrappers.hpp">
      <Filter>glaze\beve</Filter>
    </ClInclude>
    <ClInclude Include="glaze\include\glaze\beve\write.hpp">
      <Filter>glaze\beve</Filter>
    </ClInclude>
    <ClInclude Include="glaze\include\glaze\beve.hpp">
      <Filter>glaze</Filter>
    </ClInclude>
    <ClInclude Include="glaze\include\glaze\compare\approx.hpp">
      <Filter>glaze\compare</Filter>
    </ClInclude>
    <ClInclude Include="glaze\include\glaze\compare\compare.hpp">
      <Filter>glaze\compare</Filter>
    </ClInclude>
    <ClInclude Include="glaze\include\glaze\concepts\container_concepts.hpp">
      <Filter>glaze\concepts</Filter>
    </ClInclude>
    <ClInclude Include="glaze\include\glaze\containers\flat_map.hpp">
      <Filter>glaze\containers</Filter>
    </ClInclude>
    <ClInclude Include="glaze\include\glaze\core\array_apply.hpp">
      <Filter>glaze\core</Filter>
    </ClInclude>
    <ClInclude Include="glaze\include\glaze\core\common.hpp">
      <Filter>glaze\core</Filter>
    </ClInclude>
    <ClInclude Include="glaze\include\glaze\core\context.hpp">
      <Filter>glaze\core</Filter>
    </ClInclude>
    <ClInclude Include="glaze\include\glaze\core\convert_struct.hpp">
      <Filter>glaze\core</Filter>
    </ClInclude>
    <ClInclude Include="glaze\include\glaze\core\custom.hpp">
      <Filter>glaze\core</Filter>
    </ClInclude>
    <ClInclude Include="glaze\include\glaze\core\feature_test.hpp">
      <Filter>glaze\core</Filter>
    </ClInclude>
    <ClInclude Include="glaze\include\glaze\core\manage.hpp">
      <Filter>glaze\core</Filter>
    </ClInclude>
    <ClInclude Include="glaze\include\glaze\core\meta.hpp">
      <Filter>glaze\core</Filter>
    </ClInclude>
    <ClInclude Include="glaze\include\glaze\core\opts.hpp">
      <Filter>glaze\core</Filter>
    </ClInclude>
    <ClInclude Include="glaze\include\glaze\core\ptr.hpp">
      <Filter>glaze\core</Filter>
    </ClInclude>
    <ClInclude Include="glaze\include\glaze\core\read.hpp">
      <Filter>glaze\core</Filter>
    </ClInclude>
    <ClInclude Include="glaze\include\glaze\core\reflect.hpp">
      <Filter>glaze\core</Filter>
    </ClInclude>
    <ClInclude Include="glaze\include\glaze\core\seek.hpp">
      <Filter>glaze\core</Filter>
    </ClInclude>
    <ClInclude Include="glaze\include\glaze\core\to.hpp">
      <Filter>glaze\core</Filter>
    </ClInclude>
    <ClInclude Include="glaze\include\glaze\core\wrappers.hpp">
      <Filter>glaze\core</Filter>
    </ClInclude>
    <ClInclude Include="glaze\include\glaze\core\write.hpp">
      <Filter>glaze\core</Filter>
    </ClInclude>
    <ClInclude Include="glaze\include\glaze\core\write_chars.hpp">
      <Filter>glaze\core</Filter>
    </ClInclude>
    <ClInclude Include="glaze\include\glaze\csv\read.hpp">
      <Filter>glaze\csv</Filter>
    </ClInclude>
    <ClInclude Include="glaze\include\glaze\csv\write.hpp">
      <Filter>glaze\csv</Filter>
    </ClInclude>
    <ClInclude Include="glaze\include\glaze\csv.hpp">
      <Filter>glaze</Filter>
    </ClInclude>
    <ClInclude Include="glaze\include\glaze\exceptions\binary_exceptions.hpp">
      <Filter>glaze\exceptions</Filter>
    </ClInclude>
    <ClInclude Include="glaze\include\glaze\exceptions\core_exceptions.hpp">
      <Filter>glaze\exceptions</Filter>
    </ClInclude>
    <ClInclude Include="glaze\include\glaze\exceptions\csv_exceptions.hpp">
      <Filter>glaze\exceptions</Filter>
    </ClInclude>
    <ClInclude Include="glaze\include\glaze\exceptions\json_exceptions.hpp">
      <Filter>glaze\exceptions</Filter>
    </ClInclude>
    <ClInclude Include="glaze\include\glaze\exceptions\json_schema_exceptions.hpp">
      <Filter>glaze\exceptions</Filter>
    </ClInclude>
    <ClInclude Include="glaze\include\glaze\ext\cli_menu.hpp">
      <Filter>glaze\ext</Filter>
    </ClInclude>
    <ClInclude Include="glaze\include\glaze\ext\eigen.hpp">
      <Filter>glaze\ext</Filter>
    </ClInclude>
    <ClInclude Include="glaze\include\glaze\ext\glaze_asio.hpp">
      <Filter>glaze\ext</Filter>
    </ClInclude>
    <ClInclude Include="glaze\include\glaze\ext\jsonrpc.hpp">
      <Filter>glaze\ext</Filter>
    </ClInclude>
    <ClInclude Include="glaze\include\glaze\ext\README.md">
      <Filter>glaze\ext</Filter>
    </ClInclude>
    <ClInclude Include="glaze\include\glaze\file\file_ops.hpp">
      <Filter>glaze\file</Filter>
    </ClInclude>
    <ClInclude Include="glaze\include\glaze\file\file_watch.hpp">
      <Filter>glaze\file</Filter>
    </ClInclude>
    <ClInclude Include="glaze\include\glaze\file\hostname_include.hpp">
      <Filter>glaze\file</Filter>
    </ClInclude>
    <ClInclude Include="glaze\include\glaze\file\raw_or_file.hpp">
      <Filter>glaze\file</Filter>
    </ClInclude>
    <ClInclude Include="glaze\include\glaze\file\read_directory.hpp">
      <Filter>glaze\file</Filter>
    </ClInclude>
    <ClInclude Include="glaze\include\glaze\file\write_directory.hpp">
      <Filter>glaze\file</Filter>
    </ClInclude>
    <ClInclude Include="glaze\include\glaze\format\format_to.hpp">
      <Filter>glaze\format</Filter>
    </ClInclude>
    <ClInclude Include="glaze\include\glaze\glaze.hpp">
      <Filter>glaze</Filter>
    </ClInclude>
    <ClInclude Include="glaze\include\glaze\glaze_exceptions.hpp">
      <Filter>glaze</Filter>
    </ClInclude>
    <ClInclude Include="glaze\include\glaze\hardware\volatile_array.hpp">
      <Filter>glaze\hardware</Filter>
    </ClInclude>
    <ClInclude Include="glaze\include\glaze\json\escape_unicode.hpp">
      <Filter>glaze\json</Filter>
    </ClInclude>
    <ClInclude Include="glaze\include\glaze\json\invoke.hpp">
      <Filter>glaze\json</Filter>
    </ClInclude>
    <ClInclude Include="glaze\include\glaze\json\jmespath.hpp">
      <Filter>glaze\json</Filter>
    </ClInclude>
    <ClInclude Include="glaze\include\glaze\json\json_concepts.hpp">
      <Filter>glaze\json</Filter>
    </ClInclude>
    <ClInclude Include="glaze\include\glaze\json\json_format.hpp">
      <Filter>glaze\json</Filter>
    </ClInclude>
    <ClInclude Include="glaze\include\glaze\json\json_ptr.hpp">
      <Filter>glaze\json</Filter>
    </ClInclude>
    <ClInclude Include="glaze\include\glaze\json\json_t.hpp">
      <Filter>glaze\json</Filter>
    </ClInclude>
    <ClInclude Include="glaze\include\glaze\json\max_write_precision.hpp">
      <Filter>glaze\json</Filter>
    </ClInclude>
    <ClInclude Include="glaze\include\glaze\json\minify.hpp">
      <Filter>glaze\json</Filter>
    </ClInclude>
    <ClInclude Include="glaze\include\glaze\json\ndjson.hpp">
      <Filter>glaze\json</Filter>
    </ClInclude>
    <ClInclude Include="glaze\include\glaze\json\prettify.hpp">
      <Filter>glaze\json</Filter>
    </ClInclude>
    <ClInclude Include="glaze\include\glaze\json\ptr.hpp">
      <Filter>glaze\json</Filter>
    </ClInclude>
    <ClInclude Include="glaze\include\glaze\json\raw_string.hpp">
      <Filter>glaze\json</Filter>
    </ClInclude>
    <ClInclude Include="glaze\include\glaze\json\read.hpp">
      <Filter>glaze\json</Filter>
    </ClInclude>
    <ClInclude Include="glaze\include\glaze\json\schema.hpp">
      <Filter>glaze\json</Filter>
    </ClInclude>
    <ClInclude Include="glaze\include\glaze\json\skip.hpp">
      <Filter>glaze\json</Filter>
    </ClInclude>
    <ClInclude Include="glaze\include\glaze\json\study.hpp">
      <Filter>glaze\json</Filter>
    </ClInclude>
    <ClInclude Include="glaze\include\glaze\json\wrappers.hpp">
      <Filter>glaze\json</Filter>
    </ClInclude>
    <ClInclude Include="glaze\include\glaze\json\write.hpp">
      <Filter>glaze\json</Filter>
    </ClInclude>
    <ClInclude Include="glaze\include\glaze\json.hpp">
      <Filter>glaze</Filter>
    </ClInclude>
    <ClInclude Include="glaze\include\glaze\record\recorder.hpp">
      <Filter>glaze\record</Filter>
    </ClInclude>
    <ClInclude Include="glaze\include\glaze\reflection\get_name.hpp">
      <Filter>glaze\reflection</Filter>
    </ClInclude>
    <ClInclude Include="glaze\include\glaze\reflection\to_tuple.hpp">
      <Filter>glaze\reflection</Filter>
    </ClInclude>
    <ClInclude Include="glaze\include\glaze\rpc\repe\header.hpp">
      <Filter>glaze\rpc\repe</Filter>
    </ClInclude>
    <ClInclude Include="glaze\include\glaze\rpc\repe\registry.hpp">
      <Filter>glaze\rpc\repe</Filter>
    </ClInclude>
    <ClInclude Include="glaze\include\glaze\stencil\stencil.hpp">
      <Filter>glaze\stencil</Filter>
    </ClInclude>
    <ClInclude Include="glaze\include\glaze\stencil\stencilcount.hpp">
      <Filter>glaze\stencil</Filter>
    </ClInclude>
    <ClInclude Include="glaze\include\glaze\thread\async.hpp">
      <Filter>glaze\thread</Filter>
    </ClInclude>
    <ClInclude Include="glaze\include\glaze\thread\async_string.hpp">
      <Filter>glaze\thread</Filter>
    </ClInclude>
    <ClInclude Include="glaze\include\glaze\thread\async_vector.hpp">
      <Filter>glaze\thread</Filter>
    </ClInclude>
    <ClInclude Include="glaze\include\glaze\thread\atomic.hpp">
      <Filter>glaze\thread</Filter>
    </ClInclude>
    <ClInclude Include="glaze\include\glaze\thread\guard.hpp">
      <Filter>glaze\thread</Filter>
    </ClInclude>
    <ClInclude Include="glaze\include\glaze\thread\shared_async_map.hpp">
      <Filter>glaze\thread</Filter>
    </ClInclude>
    <ClInclude Include="glaze\include\glaze\thread\shared_async_vector.hpp">
      <Filter>glaze\thread</Filter>
    </ClInclude>
    <ClInclude Include="glaze\include\glaze\thread\threadpool.hpp">
      <Filter>glaze\thread</Filter>
    </ClInclude>
    <ClInclude Include="glaze\include\glaze\thread\value_proxy.hpp">
      <Filter>glaze\thread</Filter>
    </ClInclude>
    <ClInclude Include="glaze\include\glaze\toml\write.hpp">
      <Filter>glaze\toml</Filter>
    </ClInclude>
    <ClInclude Include="glaze\include\glaze\toml.hpp">
      <Filter>glaze</Filter>
    </ClInclude>
    <ClInclude Include="glaze\include\glaze\trace\trace.hpp">
      <Filter>glaze\trace</Filter>
    </ClInclude>
    <ClInclude Include="glaze\include\glaze\tuplet\tuple.hpp">
      <Filter>glaze\tuplet</Filter>
    </ClInclude>
    <ClInclude Include="glaze\include\glaze\util\atoi.hpp">
      <Filter>glaze\util</Filter>
    </ClInclude>
    <ClInclude Include="glaze\include\glaze\util\bit_array.hpp">
      <Filter>glaze\util</Filter>
    </ClInclude>
    <ClInclude Include="glaze\include\glaze\util\compare.hpp">
      <Filter>glaze\util</Filter>
    </ClInclude>
    <ClInclude Include="glaze\include\glaze\util\convert.hpp">
      <Filter>glaze\util</Filter>
    </ClInclude>
    <ClInclude Include="glaze\include\glaze\util\dragonbox.hpp">
      <Filter>glaze\util</Filter>
    </ClInclude>
    <ClInclude Include="glaze\include\glaze\util\dtoa.hpp">
      <Filter>glaze\util</Filter>
    </ClInclude>
    <ClInclude Include="glaze\include\glaze\util\dump.hpp">
      <Filter>glaze\util</Filter>
    </ClInclude>
    <ClInclude Include="glaze\include\glaze\util\expected.hpp">
      <Filter>glaze\util</Filter>
    </ClInclude>
    <ClInclude Include="glaze\include\glaze\util\fast_float.hpp">
      <Filter>glaze\util</Filter>
    </ClInclude>
    <ClInclude Include="glaze\include\glaze\util\for_each.hpp">
      <Filter>glaze\util</Filter>
    </ClInclude>
    <ClInclude Include="glaze\include\glaze\util\glaze_fast_float.hpp">
      <Filter>glaze\util</Filter>
    </ClInclude>
    <ClInclude Include="glaze\include\glaze\util\hash_map.hpp">
      <Filter>glaze\util</Filter>
    </ClInclude>
    <ClInclude Include="glaze\include\glaze\util\help.hpp">
      <Filter>glaze\util</Filter>
    </ClInclude>
    <ClInclude Include="glaze\include\glaze\util\inline.hpp">
      <Filter>glaze\util</Filter>
    </ClInclude>
    <ClInclude Include="glaze\include\glaze\util\itoa.hpp">
      <Filter>glaze\util</Filter>
    </ClInclude>
    <ClInclude Include="glaze\include\glaze\util\memory_pool.hpp">
      <Filter>glaze\util</Filter>
    </ClInclude>
    <ClInclude Include="glaze\include\glaze\util\murmur.hpp">
      <Filter>glaze\util</Filter>
    </ClInclude>
    <ClInclude Include="glaze\include\glaze\util\parse.hpp">
      <Filter>glaze\util</Filter>
    </ClInclude>
    <ClInclude Include="glaze\include\glaze\util\primes_64.hpp">
      <Filter>glaze\util</Filter>
    </ClInclude>
    <ClInclude Include="glaze\include\glaze\util\progress_bar.hpp">
      <Filter>glaze\util</Filter>
    </ClInclude>
    <ClInclude Include="glaze\include\glaze\util\string_literal.hpp">
      <Filter>glaze\util</Filter>
    </ClInclude>
    <ClInclude Include="glaze\include\glaze\util\tuple.hpp">
      <Filter>glaze\util</Filter>
    </ClInclude>
    <ClInclude Include="glaze\include\glaze\util\type_traits.hpp">
      <Filter>glaze\util</Filter>
    </ClInclude>
    <ClInclude Include="glaze\include\glaze\util\utility.hpp">
      <Filter>glaze\util</Filter>
    </ClInclude>
    <ClInclude Include="glaze\include\glaze\util\validate.hpp">
      <Filter>glaze\util</Filter>
    </ClInclude>
    <ClInclude Include="glaze\include\glaze\util\variant.hpp">
      <Filter>glaze\util</Filter>
    </ClInclude>
    <ClInclude Include="glaze\include\glaze\version.hpp">
      <Filter>glaze</Filter>
    </ClInclude>
  </ItemGroup>
</Project>