<?xml version="1.0" encoding="utf-8"?>
<Project ToolsVersion="4.0" xmlns="http://schemas.microsoft.com/developer/msbuild/2003">
  <ItemGroup>
    <Filter Include="Private">
      <UniqueIdentifier>{fb220a23-02a8-4a25-a623-5f39d7473ff5}</UniqueIdentifier>
    </Filter>
    <Filter Include="Public">
      <UniqueIdentifier>{2a617f5f-2269-4587-91be-742e3b4f8a44}</UniqueIdentifier>
    </Filter>
    <Filter Include="Public\Market">
      <UniqueIdentifier>{f7e18fdf-a144-46f1-b1cc-b32773ec4297}</UniqueIdentifier>
    </Filter>
    <Filter Include="Private\Market">
      <UniqueIdentifier>{e310edae-7335-4f7a-988e-22a119e2b02d}</UniqueIdentifier>
    </Filter>
    <Filter Include="Public\Data">
      <UniqueIdentifier>{83d1c135-85ea-4d70-b6d5-fcd63c3d59c9}</UniqueIdentifier>
    </Filter>
    <Filter Include="Private\Data">
      <UniqueIdentifier>{ccdbdab2-ec33-4fa1-be58-7d8c2dac42da}</UniqueIdentifier>
    </Filter>
    <Filter Include="Public\Utils">
      <UniqueIdentifier>{1a24b750-ecea-4a83-b21f-c8cc4e39224c}</UniqueIdentifier>
    </Filter>
    <Filter Include="Private\Utils">
      <UniqueIdentifier>{8e3f9df2-a50c-4d87-b123-bbcadf6728f3}</UniqueIdentifier>
    </Filter>
    <Filter Include="Private\Indicators">
      <UniqueIdentifier>{6adb17da-771b-44c4-b275-055d6ff89b80}</UniqueIdentifier>
    </Filter>
    <Filter Include="Public\Indicators">
      <UniqueIdentifier>{aa96d98f-7980-4a81-8b24-31830be01746}</UniqueIdentifier>
    </Filter>
    <Filter Include="ispc">
      <UniqueIdentifier>{98a39a7b-7819-473e-ac50-3e49b769c860}</UniqueIdentifier>
    </Filter>
    <Filter Include="ispc\Objects">
      <UniqueIdentifier>{66f9d045-739a-47b4-89f1-e5775816876d}</UniqueIdentifier>
    </Filter>
    <Filter Include="Private\Patterns">
      <UniqueIdentifier>{04323bc5-fe71-4a08-8ead-39508872e449}</UniqueIdentifier>
    </Filter>
    <Filter Include="Public\Patterns">
      <UniqueIdentifier>{70c39378-f73a-4472-9ce2-c821072ec1ea}</UniqueIdentifier>
    </Filter>
    <Filter Include="Public\News">
      <UniqueIdentifier>{818a29d9-1efb-42da-b4e3-a740d291f395}</UniqueIdentifier>
    </Filter>
    <Filter Include="Private\News">
      <UniqueIdentifier>{1c7905e8-0fd6-4c93-a2f4-04aeeacd38bc}</UniqueIdentifier>
    </Filter>
  </ItemGroup>
  <ItemGroup>
    <ClInclude Include="Public\TradinatorCore.h">
      <Filter>Public</Filter>
    </ClInclude>
    <ClInclude Include="Public\Market\Market.h">
      <Filter>Public\Market</Filter>
    </ClInclude>
    <ClInclude Include="Public\Market\NSE_Market.h">
      <Filter>Public\Market</Filter>
    </ClInclude>
    <ClInclude Include="Public\Data\Company.h">
      <Filter>Public\Data</Filter>
    </ClInclude>
    <ClInclude Include="Public\Utils\AsyncTaskManager.h">
      <Filter>Public\Utils</Filter>
    </ClInclude>
    <ClInclude Include="Public\Utils\AsyncTask.h">
      <Filter>Public\Utils</Filter>
    </ClInclude>
    <ClInclude Include="Public\Utils\DownloadTask.h">
      <Filter>Public\Utils</Filter>
    </ClInclude>
    <ClInclude Include="Public\Utils\Utils.h">
      <Filter>Public\Utils</Filter>
    </ClInclude>
    <ClInclude Include="Public\Data\Candle.h">
      <Filter>Public\Data</Filter>
    </ClInclude>
    <ClInclude Include="Public\Data\Counter.h">
      <Filter>Public\Data</Filter>
    </ClInclude>
    <ClInclude Include="Public\Data\AsyncData.h">
      <Filter>Public\Data</Filter>
    </ClInclude>
    <ClInclude Include="Public\TradinatorCoreThread.h">
      <Filter>Public</Filter>
    </ClInclude>
    <ClInclude Include="Public\Indicators\Indicator.h">
      <Filter>Public\Indicators</Filter>
    </ClInclude>
    <ClInclude Include="Public\Utils\ParallelAsyncTask.h">
      <Filter>Public\Utils</Filter>
    </ClInclude>
    <ClInclude Include="Public\Utils\SerialAsyncTask.h">
      <Filter>Public\Utils</Filter>
    </ClInclude>
    <ClInclude Include="Public\Utils\Log.h">
      <Filter>Public\Utils</Filter>
    </ClInclude>
    <ClInclude Include="Public\Indicators\SMA.h">
      <Filter>Public\Indicators</Filter>
    </ClInclude>
    <ClInclude Include="Public\Indicators\EMA.h">
      <Filter>Public\Indicators</Filter>
    </ClInclude>
    <ClInclude Include="Public\Indicators\WMA.h">
      <Filter>Public\Indicators</Filter>
    </ClInclude>
    <ClInclude Include="Public\Indicators\BollingerBand.h">
      <Filter>Public\Indicators</Filter>
    </ClInclude>
    <ClInclude Include="ispc\indicator_helper_ispc.h">
      <Filter>ispc</Filter>
    </ClInclude>
    <ClInclude Include="Public\Indicators\ROC.h">
      <Filter>Public\Indicators</Filter>
    </ClInclude>
    <ClInclude Include="Public\Indicators\RSI.h">
      <Filter>Public\Indicators</Filter>
    </ClInclude>
    <ClInclude Include="Public\Indicators\OBV.h">
      <Filter>Public\Indicators</Filter>
    </ClInclude>
    <ClInclude Include="Public\Indicators\MACD.h">
      <Filter>Public\Indicators</Filter>
    </ClInclude>
    <ClInclude Include="Public\Patterns\Pattern.h">
      <Filter>Public\Patterns</Filter>
    </ClInclude>
    <ClInclude Include="Public\News\News.h">
      <Filter>Public\News</Filter>
    </ClInclude>
  </ItemGroup>
  <ItemGroup>
    <ClCompile Include="Private\TradinatorCore.cpp">
      <Filter>Private</Filter>
    </ClCompile>
    <ClCompile Include="Private\Market\Market.cpp">
      <Filter>Private\Market</Filter>
    </ClCompile>
    <ClCompile Include="Private\Data\Company.cpp">
      <Filter>Private\Data</Filter>
    </ClCompile>
    <ClCompile Include="Private\Utils\AsyncTaskManager.cpp">
      <Filter>Private\Utils</Filter>
    </ClCompile>
    <ClCompile Include="Private\Data\Counter.cpp">
      <Filter>Private\Data</Filter>
    </ClCompile>
    <ClCompile Include="Private\Utils\AsyncTask.cpp">
      <Filter>Private\Utils</Filter>
    </ClCompile>
    <ClCompile Include="Private\Utils\DownloadTask.cpp">
      <Filter>Private\Utils</Filter>
    </ClCompile>
    <ClCompile Include="Private\Utils\Utils.cpp">
      <Filter>Private\Utils</Filter>
    </ClCompile>
    <ClCompile Include="Private\Data\Candle.cpp">
      <Filter>Private\Data</Filter>
    </ClCompile>
    <ClCompile Include="Private\Market\NSE_Market.cpp">
      <Filter>Private\Market</Filter>
    </ClCompile>
    <ClCompile Include="Private\TradinatorCoreThread.cpp">
      <Filter>Private</Filter>
    </ClCompile>
    <ClCompile Include="Private\Indicators\Indicator.cpp">
      <Filter>Private\Indicators</Filter>
    </ClCompile>
    <ClCompile Include="Private\Utils\ParallelAsyncTask.cpp">
      <Filter>Private\Utils</Filter>
    </ClCompile>
    <ClCompile Include="Private\Utils\SerialAsyncTask.cpp">
      <Filter>Private\Utils</Filter>
    </ClCompile>
    <ClCompile Include="Private\Utils\Log.cpp">
      <Filter>Private\Utils</Filter>
    </ClCompile>
    <ClCompile Include="Private\Indicators\SMA.cpp">
      <Filter>Private\Indicators</Filter>
    </ClCompile>
    <ClCompile Include="Private\Indicators\WMA.cpp">
      <Filter>Private\Indicators</Filter>
    </ClCompile>
    <ClCompile Include="Private\Indicators\EMA.cpp">
      <Filter>Private\Indicators</Filter>
    </ClCompile>
    <ClCompile Include="Private\Indicators\BollingerBand.cpp">
      <Filter>Private\Indicators</Filter>
    </ClCompile>
    <ClCompile Include="Private\Indicators\ROC.cpp">
      <Filter>Private\Indicators</Filter>
    </ClCompile>
    <ClCompile Include="Private\Indicators\RSI.cpp">
      <Filter>Private\Indicators</Filter>
    </ClCompile>
    <ClCompile Include="Private\Indicators\OBV.cpp">
      <Filter>Private\Indicators</Filter>
    </ClCompile>
    <ClCompile Include="Private\Indicators\MACD.cpp">
      <Filter>Private\Indicators</Filter>
    </ClCompile>
    <ClCompile Include="Private\Patterns\Pattern.cpp">
      <Filter>Private\Patterns</Filter>
    </ClCompile>
    <ClCompile Include="Private\News\News.cpp">
      <Filter>Private\News</Filter>
    </ClCompile>
  </ItemGroup>
  <ItemGroup>
    <None Include="Public\Data\AsyncData.inl">
      <Filter>Public\Data</Filter>
    </None>
    <None Include="ispc\indicator_helper.ispc">
      <Filter>ispc</Filter>
    </None>
  </ItemGroup>
  <ItemGroup>
    <Object Include="ispc\indicator_helper_ispc.o">
      <Filter>ispc\Objects</Filter>
    </Object>
    <Object Include="ispc\indicator_helper_ispc_avx2.o">
      <Filter>ispc\Objects</Filter>
    </Object>
    <Object Include="ispc\indicator_helper_ispc_avx512skx.o">
      <Filter>ispc\Objects</Filter>
    </Object>
    <Object Include="ispc\indicator_helper_ispc_sse2.o">
      <Filter>ispc\Objects</Filter>
    </Object>
  </ItemGroup>
</Project>