
Microsoft Visual Studio Solution File, Format Version 12.00
# Visual Studio Version 17
VisualStudioVersion = 17.13.35919.96
MinimumVisualStudioVersion = 10.0.40219.1
Project("{8BC9CEB8-8B4A-11D0-8D11-00A0C91BC942}") = "Tradinator", "Tradinator.vcxproj", "{F1F48CC2-5298-41E5-978C-D8F82E9CEAEA}"
EndProject
Project("{8BC9CEB8-8B4A-11D0-8D11-00A0C91BC942}") = "imgui", "..\Submodules\imgui\imgui.vcxproj", "{23952454-AF9B-4426-9754-23C87A45CCE9}"
EndProject
Project("{8BC9CEB8-8B4A-11D0-8D11-00A0C91BC942}") = "TradinatorCore", "..\TradinatorCore\TradinatorCore.vcxproj", "{10699FFA-7AF6-447D-BED0-5BC3F9BB5CFB}"
EndProject
Project("{8BC9CEB8-8B4A-11D0-8D11-00A0C91BC942}") = "implot", "..\Submodules\implot\implot.vcxproj", "{B7BA96BA-1029-4AC8-A572-DE5AAB0B0E82}"
EndProject
Project("{8BC9CEB8-8B4A-11D0-8D11-00A0C91BC942}") = "SQLiteCpp", "..\Submodules\SQLiteCpp\SQLiteCpp.vcxproj", "{8758DA1D-7AD6-43EB-87B4-017BA22A564F}"
EndProject
Global
	GlobalSection(SolutionConfigurationPlatforms) = preSolution
		Debug|x64 = Debug|x64
		Debug|x86 = Debug|x86
		Release|x64 = Release|x64
		Release|x86 = Release|x86
	EndGlobalSection
	GlobalSection(ProjectConfigurationPlatforms) = postSolution
		{F1F48CC2-5298-41E5-978C-D8F82E9CEAEA}.Debug|x64.ActiveCfg = Debug|x64
		{F1F48CC2-5298-41E5-978C-D8F82E9CEAEA}.Debug|x64.Build.0 = Debug|x64
		{F1F48CC2-5298-41E5-978C-D8F82E9CEAEA}.Debug|x86.ActiveCfg = Debug|Win32
		{F1F48CC2-5298-41E5-978C-D8F82E9CEAEA}.Debug|x86.Build.0 = Debug|Win32
		{F1F48CC2-5298-41E5-978C-D8F82E9CEAEA}.Release|x64.ActiveCfg = Release|x64
		{F1F48CC2-5298-41E5-978C-D8F82E9CEAEA}.Release|x64.Build.0 = Release|x64
		{F1F48CC2-5298-41E5-978C-D8F82E9CEAEA}.Release|x86.ActiveCfg = Release|Win32
		{F1F48CC2-5298-41E5-978C-D8F82E9CEAEA}.Release|x86.Build.0 = Release|Win32
		{23952454-AF9B-4426-9754-23C87A45CCE9}.Debug|x64.ActiveCfg = Debug|x64
		{23952454-AF9B-4426-9754-23C87A45CCE9}.Debug|x64.Build.0 = Debug|x64
		{23952454-AF9B-4426-9754-23C87A45CCE9}.Debug|x86.ActiveCfg = Debug|Win32
		{23952454-AF9B-4426-9754-23C87A45CCE9}.Debug|x86.Build.0 = Debug|Win32
		{23952454-AF9B-4426-9754-23C87A45CCE9}.Release|x64.ActiveCfg = Release|x64
		{23952454-AF9B-4426-9754-23C87A45CCE9}.Release|x64.Build.0 = Release|x64
		{23952454-AF9B-4426-9754-23C87A45CCE9}.Release|x86.ActiveCfg = Release|Win32
		{23952454-AF9B-4426-9754-23C87A45CCE9}.Release|x86.Build.0 = Release|Win32
		{10699FFA-7AF6-447D-BED0-5BC3F9BB5CFB}.Debug|x64.ActiveCfg = Debug|x64
		{10699FFA-7AF6-447D-BED0-5BC3F9BB5CFB}.Debug|x64.Build.0 = Debug|x64
		{10699FFA-7AF6-447D-BED0-5BC3F9BB5CFB}.Debug|x86.ActiveCfg = Debug|Win32
		{10699FFA-7AF6-447D-BED0-5BC3F9BB5CFB}.Debug|x86.Build.0 = Debug|Win32
		{10699FFA-7AF6-447D-BED0-5BC3F9BB5CFB}.Release|x64.ActiveCfg = Release|x64
		{10699FFA-7AF6-447D-BED0-5BC3F9BB5CFB}.Release|x64.Build.0 = Release|x64
		{10699FFA-7AF6-447D-BED0-5BC3F9BB5CFB}.Release|x86.ActiveCfg = Release|Win32
		{10699FFA-7AF6-447D-BED0-5BC3F9BB5CFB}.Release|x86.Build.0 = Release|Win32
		{B7BA96BA-1029-4AC8-A572-DE5AAB0B0E82}.Debug|x64.ActiveCfg = Debug|x64
		{B7BA96BA-1029-4AC8-A572-DE5AAB0B0E82}.Debug|x64.Build.0 = Debug|x64
		{B7BA96BA-1029-4AC8-A572-DE5AAB0B0E82}.Debug|x86.ActiveCfg = Debug|Win32
		{B7BA96BA-1029-4AC8-A572-DE5AAB0B0E82}.Debug|x86.Build.0 = Debug|Win32
		{B7BA96BA-1029-4AC8-A572-DE5AAB0B0E82}.Release|x64.ActiveCfg = Release|x64
		{B7BA96BA-1029-4AC8-A572-DE5AAB0B0E82}.Release|x64.Build.0 = Release|x64
		{B7BA96BA-1029-4AC8-A572-DE5AAB0B0E82}.Release|x86.ActiveCfg = Release|Win32
		{B7BA96BA-1029-4AC8-A572-DE5AAB0B0E82}.Release|x86.Build.0 = Release|Win32
		{8758DA1D-7AD6-43EB-87B4-017BA22A564F}.Debug|x64.ActiveCfg = Debug|x64
		{8758DA1D-7AD6-43EB-87B4-017BA22A564F}.Debug|x64.Build.0 = Debug|x64
		{8758DA1D-7AD6-43EB-87B4-017BA22A564F}.Debug|x86.ActiveCfg = Debug|Win32
		{8758DA1D-7AD6-43EB-87B4-017BA22A564F}.Debug|x86.Build.0 = Debug|Win32
		{8758DA1D-7AD6-43EB-87B4-017BA22A564F}.Release|x64.ActiveCfg = Release|x64
		{8758DA1D-7AD6-43EB-87B4-017BA22A564F}.Release|x64.Build.0 = Release|x64
		{8758DA1D-7AD6-43EB-87B4-017BA22A564F}.Release|x86.ActiveCfg = Release|Win32
		{8758DA1D-7AD6-43EB-87B4-017BA22A564F}.Release|x86.Build.0 = Release|Win32
	EndGlobalSection
	GlobalSection(SolutionProperties) = preSolution
		HideSolutionNode = FALSE
	EndGlobalSection
	GlobalSection(ExtensibilityGlobals) = postSolution
		SolutionGuid = {09392FF9-78DA-4CD1-BC75-5DE52DA35198}
	EndGlobalSection
EndGlobal
