<?xml version="1.0" encoding="utf-8"?>
<Project ToolsVersion="4.0" xmlns="http://schemas.microsoft.com/developer/msbuild/2003">
  <ItemGroup>
    <Filter Include="Source">
      <UniqueIdentifier>{8294ebd4-cb5d-42ee-945c-f1598275a7ac}</UniqueIdentifier>
    </Filter>
    <Filter Include="Source\Application">
      <UniqueIdentifier>{eece728d-3498-474b-a37e-447dde6fdd60}</UniqueIdentifier>
    </Filter>
    <Filter Include="Source\Application\Windows">
      <UniqueIdentifier>{8d0abe17-8463-4d96-bf3c-383bb53c8208}</UniqueIdentifier>
    </Filter>
    <Filter Include="Source\Components">
      <UniqueIdentifier>{d9869151-1656-4668-9bb8-d999f524bbf8}</UniqueIdentifier>
    </Filter>
  </ItemGroup>
  <ItemGroup>
    <ClInclude Include="Source\Application\TradinatorApp.h">
      <Filter>Source\Application</Filter>
    </ClInclude>
    <ClInclude Include="resource.h" />
    <ClInclude Include="Source\Application\AutoAnalysisUpdateWindow.h">
      <Filter>Source\Application</Filter>
    </ClInclude>
    <ClInclude Include="Source\Application\DashboardWindow.h">
      <Filter>Source\Application</Filter>
    </ClInclude>
    <ClInclude Include="Source\Application\Windows\MainWindow.h">
      <Filter>Source\Application\Windows</Filter>
    </ClInclude>
    <ClInclude Include="Source\Components\SearchBar.h">
      <Filter>Source\Components</Filter>
    </ClInclude>
    <ClInclude Include="Source\Components\StatusBar.h">
      <Filter>Source\Components</Filter>
    </ClInclude>
  </ItemGroup>
  <ItemGroup>
    <ClCompile Include="Source\Tradinator.cpp">
      <Filter>Source</Filter>
    </ClCompile>
    <ClCompile Include="Source\Application\TradinatorApp.cpp">
      <Filter>Source\Application</Filter>
    </ClCompile>
    <ClCompile Include="Source\Application\AutoAnalysisUpdateWindow.cpp">
      <Filter>Source\Application</Filter>
    </ClCompile>
    <ClCompile Include="Source\Application\DashboardWindow.cpp">
      <Filter>Source\Application</Filter>
    </ClCompile>
    <ClCompile Include="Source\Application\Windows\MainWindow.cpp">
      <Filter>Source\Application\Windows</Filter>
    </ClCompile>
    <ClCompile Include="Source\Components\SearchBar.cpp">
      <Filter>Source\Components</Filter>
    </ClCompile>
    <ClCompile Include="Source\Components\StatusBar.cpp">
      <Filter>Source\Components</Filter>
    </ClCompile>
  </ItemGroup>
  <ItemGroup>
    <ResourceCompile Include="Tradinator.rc" />
  </ItemGroup>
  <ItemGroup>
    <Image Include="icon1.ico" />
  </ItemGroup>
</Project>