<?xml version="1.0" encoding="utf-8"?>
<Project ToolsVersion="4.0" xmlns="http://schemas.microsoft.com/developer/msbuild/2003">
  <ItemGroup>
    <Filter Include="Source">
      <UniqueIdentifier>{8294ebd4-cb5d-42ee-945c-f1598275a7ac}</UniqueIdentifier>
    </Filter>
    <Filter Include="Source\Application">
      <UniqueIdentifier>{eece728d-3498-474b-a37e-447dde6fdd60}</UniqueIdentifier>
    </Filter>
    <Filter Include="Source\Application\Windows">
      <UniqueIdentifier>{8d0abe17-8463-4d96-bf3c-383bb53c8208}</UniqueIdentifier>
    </Filter>
    <Filter Include="Source\Components">
      <UniqueIdentifier>{d9869151-1656-4668-9bb8-d999f524bbf8}</UniqueIdentifier>
    </Filter>
    <Filter Include="Source\Fonts">
      <UniqueIdentifier>{ba38c788-a8c8-4bb8-85b1-a663845effe4}</UniqueIdentifier>
    </Filter>
    <Filter Include="Source\imspinner">
      <UniqueIdentifier>{842eb662-dae5-4963-8ea6-e3e42cade9d8}</UniqueIdentifier>
    </Filter>
    <Filter Include="Source\imgui_markdown">
      <UniqueIdentifier>{924a5e83-d581-4ef3-af66-ae6de48fdfa9}</UniqueIdentifier>
    </Filter>
  </ItemGroup>
  <ItemGroup>
    <ClInclude Include="Source\Application\TradinatorApp.h">
      <Filter>Source\Application</Filter>
    </ClInclude>
    <ClInclude Include="resource.h" />
    <ClInclude Include="Source\Application\Windows\MainWindow.h">
      <Filter>Source\Application\Windows</Filter>
    </ClInclude>
    <ClInclude Include="Source\Components\SecuritiesSearchBar.h">
      <Filter>Source\Components</Filter>
    </ClInclude>
    <ClInclude Include="Source\Components\StatusBar.h">
      <Filter>Source\Components</Filter>
    </ClInclude>
    <ClInclude Include="Source\Components\AutoCompleteInputText.h">
      <Filter>Source\Components</Filter>
    </ClInclude>
    <ClInclude Include="Source\Fonts\SegoeUI.h">
      <Filter>Source\Fonts</Filter>
    </ClInclude>
    <ClInclude Include="Source\Utils.h">
      <Filter>Source</Filter>
    </ClInclude>
    <ClInclude Include="Source\imspinner\imspinner.h">
      <Filter>Source\imspinner</Filter>
    </ClInclude>
    <ClInclude Include="Source\imgui_markdown\imgui_markdown.h">
      <Filter>Source\imgui_markdown</Filter>
    </ClInclude>
    <ClInclude Include="Source\Application\Windows\SecurityWindow.h">
      <Filter>Source\Application\Windows</Filter>
    </ClInclude>
    <ClInclude Include="Source\Components\IndicatorWrappers.h">
      <Filter>Source\Components</Filter>
    </ClInclude>
    <ClInclude Include="Source\Application\TradinatorSettings.h">
      <Filter>Source\Application</Filter>
    </ClInclude>
    <ClInclude Include="Source\Application\Windows\StartupWindow.h">
      <Filter>Source\Application\Windows</Filter>
    </ClInclude>
    <ClInclude Include="Source\Application\Windows\AutoAnalysisUpdateWindow.h">
      <Filter>Source\Application\Windows</Filter>
    </ClInclude>
    <ClInclude Include="Source\Application\Windows\DashboardWindow.h">
      <Filter>Source\Application\Windows</Filter>
    </ClInclude>
    <ClInclude Include="Source\Application\Windows\SettingsWindow.h">
      <Filter>Source\Application\Windows</Filter>
    </ClInclude>
    <ClInclude Include="Source\Application\Windows\PinnedSecuritiesWindow.h">
      <Filter>Source\Application\Windows</Filter>
    </ClInclude>
  </ItemGroup>
  <ItemGroup>
    <ClCompile Include="Source\Tradinator.cpp">
      <Filter>Source</Filter>
    </ClCompile>
    <ClCompile Include="Source\Application\TradinatorApp.cpp">
      <Filter>Source\Application</Filter>
    </ClCompile>
    <ClCompile Include="Source\Application\Windows\MainWindow.cpp">
      <Filter>Source\Application\Windows</Filter>
    </ClCompile>
    <ClCompile Include="Source\Components\SecuritiesSearchBar.cpp">
      <Filter>Source\Components</Filter>
    </ClCompile>
    <ClCompile Include="Source\Components\StatusBar.cpp">
      <Filter>Source\Components</Filter>
    </ClCompile>
    <ClCompile Include="Source\Components\AutoCompleteInputText.cpp">
      <Filter>Source\Components</Filter>
    </ClCompile>
    <ClCompile Include="Source\Utils.cpp">
      <Filter>Source</Filter>
    </ClCompile>
    <ClCompile Include="Source\Application\Windows\SecurityWindow.cpp">
      <Filter>Source\Application\Windows</Filter>
    </ClCompile>
    <ClCompile Include="Source\Components\IndicatorWrappers.cpp">
      <Filter>Source\Components</Filter>
    </ClCompile>
    <ClCompile Include="Source\Application\TradinatorSettings.cpp">
      <Filter>Source\Application</Filter>
    </ClCompile>
    <ClCompile Include="Source\Application\Windows\StartupWindow.cpp">
      <Filter>Source\Application\Windows</Filter>
    </ClCompile>
    <ClCompile Include="Source\Application\Windows\AutoAnalysisUpdateWindow.cpp">
      <Filter>Source\Application\Windows</Filter>
    </ClCompile>
    <ClCompile Include="Source\Application\Windows\DashboardWindow.cpp">
      <Filter>Source\Application\Windows</Filter>
    </ClCompile>
    <ClCompile Include="Source\Application\Windows\SettingsWindow.cpp">
      <Filter>Source\Application\Windows</Filter>
    </ClCompile>
    <ClCompile Include="Source\Application\Windows\PinnedSecuritiesWindow.cpp">
      <Filter>Source\Application\Windows</Filter>
    </ClCompile>
  </ItemGroup>
  <ItemGroup>
    <ResourceCompile Include="Tradinator.rc" />
  </ItemGroup>
  <ItemGroup>
    <Image Include="icon1.ico" />
  </ItemGroup>
</Project>